// !$*UTF8*$!
{
	archiveVersion = 1;
	classes = {
	};
	objectVersion = 77;
	objects = {

/* Begin PBXBuildFile section */
		5A3E92592FDE0BAB00C4FC65 /* Sparkle in Frameworks */ = {isa = PBXBuildFile; productRef = 5A3E92582FDE0BAB00C4FC65 /* Sparkle */; };
/* End PBXBuildFile section */

/* Begin PBXContainerItemProxy section */
		5A9BD7E62F8777AA0004A971 /* PBXContainerItemProxy */ = {
			isa = PBXContainerItemProxy;
			containerPortal = 5A9BD7D02F8777A80004A971 /* Project object */;
			proxyType = 1;
			remoteGlobalIDString = 5A9BD7D72F8777A80004A971;
			remoteInfo = ClipSave;
		};
		5A9BD7F02F8777AA0004A971 /* PBXContainerItemProxy */ = {
			isa = PBXContainerItemProxy;
			containerPortal = 5A9BD7D02F8777A80004A971 /* Project object */;
			proxyType = 1;
			remoteGlobalIDString = 5A9BD7D72F8777A80004A971;
			remoteInfo = ClipSave;
		};
/* End PBXContainerItemProxy section */

/* Begin PBXFileReference section */
		5A9BD7D82F8777A80004A971 /* ClipSave.app */ = {isa = PBXFileReference; explicitFileType = wrapper.application; includeInIndex = 0; path = ClipSave.app; sourceTree = BUILT_PRODUCTS_DIR; };
		5A9BD7E52F8777AA0004A971 /* ClipSaveTests.xctest */ = {isa = PBXFileReference; explicitFileType = wrapper.cfbundle; includeInIndex = 0; path = ClipSaveTests.xctest; sourceTree = BUILT_PRODUCTS_DIR; };
		5A9BD7EF2F8777AA0004A971 /* ClipSaveUITests.xctest */ = {isa = PBXFileReference; explicitFileType = wrapper.cfbundle; includeInIndex = 0; path = ClipSaveUITests.xctest; sourceTree = BUILT_PRODUCTS_DIR; };
/* End PBXFileReference section */

/* Begin PBXFileSystemSynchronizedBuildFileExceptionSet section */
		5A3E92562FDE097300C4FC65 /* Exceptions for "ClipSave" folder in "ClipSave" target */ = {
			isa = PBXFileSystemSynchronizedBuildFileExceptionSet;
			membershipExceptions = (
				Info.plist,
			);
			target = 5A9BD7D72F8777A80004A971 /* ClipSave */;
		};
/* End PBXFileSystemSynchronizedBuildFileExceptionSet section */

/* Begin PBXFileSystemSynchronizedRootGroup section */
		5A9BD7DA2F8777A80004A971 /* ClipSave */ = {
			isa = PBXFileSystemSynchronizedRootGroup;
			exceptions = (
				5A3E92562FDE097300C4FC65 /* Exceptions for "ClipSave" folder in "ClipSave" target */,
			);
			path = ClipSave;
			sourceTree = "<group>";
		};
		5A9BD7E82F8777AA0004A971 /* ClipSaveTests */ = {
			isa = PBXFileSystemSynchronizedRootGroup;
			path = ClipSaveTests;
			sourceTree = "<group>";
		};
		5A9BD7F22F8777AA0004A971 /* ClipSaveUITests */ = {
			isa = PBXFileSystemSynchronizedRootGroup;
			path = ClipSaveUITests;
			sourceTree = "<group>";
		};
/* End PBXFileSystemSynchronizedRootGroup section */

/* Begin PBXFrameworksBuildPhase section */
		5A9BD7D52F8777A80004A971 /* Frameworks */ = {
			isa = PBXFrameworksBuildPhase;
			buildActionMask = 2147483647;
			files = (
				5A3E92592FDE0BAB00C4FC65 /* Sparkle in Frameworks */,
			);
			runOnlyForDeploymentPostprocessing = 0;
		};
		5A9BD7E22F8777AA0004A971 /* Frameworks */ = {
			isa = PBXFrameworksBuildPhase;
			buildActionMask = 2147483647;
			files = (
			);
			runOnlyForDeploymentPostprocessing = 0;
		};
		5A9BD7EC2F8777AA0004A971 /* Frameworks */ = {
			isa = PBXFrameworksBuildPhase;
			buildActionMask = 2147483647;
			files = (
			);
			runOnlyForDeploymentPostprocessing = 0;
		};
/* End PBXFrameworksBuildPhase section */

/* Begin PBXGroup section */
		5A3E92572FDE0BAB00C4FC65 /* Frameworks */ = {
			isa = PBXGroup;
			children = (
			);
			name = Frameworks;
			sourceTree = "<group>";
		};
		5A9BD7CF2F8777A80004A971 = {
			isa = PBXGroup;
			children = (
				5A9BD7DA2F8777A80004A971 /* ClipSave */,
				5A9BD7E82F8777AA0004A971 /* ClipSaveTests */,
				5A9BD7F22F8777AA0004A971 /* ClipSaveUITests */,
				5A3E92572FDE0BAB00C4FC65 /* Frameworks */,
				5A9BD7D92F8777A80004A971 /* Products */,
			);
			sourceTree = "<group>";
		};
		5A9BD7D92F8777A80004A971 /* Products */ = {
			isa = PBXGroup;
			children = (
				5A9BD7D82F8777A80004A971 /* ClipSave.app */,
				5A9BD7E52F8777AA0004A971 /* ClipSaveTests.xctest */,
				5A9BD7EF2F8777AA0004A971 /* ClipSaveUITests.xctest */,
			);
			name = Products;
			sourceTree = "<group>";
		};
/* End PBXGroup section */

/* Begin PBXNativeTarget section */
		5A9BD7D72F8777A80004A971 /* ClipSave */ = {
			isa = PBXNativeTarget;
			buildConfigurationList = 5A9BD7F92F8777AA0004A971 /* Build configuration list for PBXNativeTarget "ClipSave" */;
			buildPhases = (
				5A9BD7D42F8777A80004A971 /* Sources */,
				5A9BD7D52F8777A80004A971 /* Frameworks */,
				5A9BD7D62F8777A80004A971 /* Resources */,
			);
			buildRules = (
			);
			dependencies = (
			);
			fileSystemSynchronizedGroups = (
				5A9BD7DA2F8777A80004A971 /* ClipSave */,
			);
			name = ClipSave;
			packageProductDependencies = (
				5A3E92582FDE0BAB00C4FC65 /* Sparkle */,
			);
			productName = ClipSave;
			productReference = 5A9BD7D82F8777A80004A971 /* ClipSave.app */;
			productType = "com.apple.product-type.application";
		};
		5A9BD7E42F8777AA0004A971 /* ClipSaveTests */ = {
			isa = PBXNativeTarget;
			buildConfigurationList = 5A9BD7FC2F8777AA0004A971 /* Build configuration list for PBXNativeTarget "ClipSaveTests" */;
			buildPhases = (
				5A9BD7E12F8777AA0004A971 /* Sources */,
				5A9BD7E22F8777AA0004A971 /* Frameworks */,
				5A9BD7E32F8777AA0004A971 /* Resources */,
			);
			buildRules = (
			);
			dependencies = (
				5A9BD7E72F8777AA0004A971 /* PBXTargetDependency */,
			);
			fileSystemSynchronizedGroups = (
				5A9BD7E82F8777AA0004A971 /* ClipSaveTests */,
			);
			name = ClipSaveTests;
			packageProductDependencies = (
			);
			productName = ClipSaveTests;
			productReference = 5A9BD7E52F8777AA0004A971 /* ClipSaveTests.xctest */;
			productType = "com.apple.product-type.bundle.unit-test";
		};
		5A9BD7EE2F8777AA0004A971 /* ClipSaveUITests */ = {
			isa = PBXNativeTarget;
			buildConfigurationList = 5A9BD7FF2F8777AA0004A971 /* Build configuration list for PBXNativeTarget "ClipSaveUITests" */;
			buildPhases = (
				5A9BD7EB2F8777AA0004A971 /* Sources */,
				5A9BD7EC2F8777AA0004A971 /* Frameworks */,
				5A9BD7ED2F8777AA0004A971 /* Resources */,
			);
			buildRules = (
			);
			dependencies = (
				5A9BD7F12F8777AA0004A971 /* PBXTargetDependency */,
			);
			fileSystemSynchronizedGroups = (
				5A9BD7F22F8777AA0004A971 /* ClipSaveUITests */,
			);
			name = ClipSaveUITests;
			packageProductDependencies = (
			);
			productName = ClipSaveUITests;
			productReference = 5A9BD7EF2F8777AA0004A971 /* ClipSaveUITests.xctest */;
			productType = "com.apple.product-type.bundle.ui-testing";
		};
/* End PBXNativeTarget section */

/* Begin PBXProject section */
		5A9BD7D02F8777A80004A971 /* Project object */ = {
			isa = PBXProject;
			attributes = {
				BuildIndependentTargetsInParallel = 1;
				LastSwiftUpdateCheck = 2640;
				LastUpgradeCheck = 2650;
				TargetAttributes = {
					5A9BD7D72F8777A80004A971 = {
						CreatedOnToolsVersion = 26.4;
					};
					5A9BD7E42F8777AA0004A971 = {
						CreatedOnToolsVersion = 26.4;
						TestTargetID = 5A9BD7D72F8777A80004A971;
					};
					5A9BD7EE2F8777AA0004A971 = {
						CreatedOnToolsVersion = 26.4;
						TestTargetID = 5A9BD7D72F8777A80004A971;
					};
				};
			};
			buildConfigurationList = 5A9BD7D32F8777A80004A971 /* Build configuration list for PBXProject "ClipSave" */;
			developmentRegion = en;
			hasScannedForEncodings = 0;
			knownRegions = (
				en,
				Base,
			);
			mainGroup = 5A9BD7CF2F8777A80004A971;
			minimizedProjectReferenceProxies = 1;
			packageReferences = (
				5A3E92542FDDEA9600C4FC65 /* XCRemoteSwiftPackageReference "Sparkle" */,
			);
			preferredProjectObjectVersion = 77;
			productRefGroup = 5A9BD7D92F8777A80004A971 /* Products */;
			projectDirPath = "";
			projectRoot = "";
			targets = (
				5A9BD7D72F8777A80004A971 /* ClipSave */,
				5A9BD7E42F8777AA0004A971 /* ClipSaveTests */,
				5A9BD7EE2F8777AA0004A971 /* ClipSaveUITests */,
			);
		};
/* End PBXProject section */

/* Begin PBXResourcesBuildPhase section */
		5A9BD7D62F8777A80004A971 /* Resources */ = {
			isa = PBXResourcesBuildPhase;
			buildActionMask = 2147483647;
			files = (
			);
			runOnlyForDeploymentPostprocessing = 0;
		};
		5A9BD7E32F8777AA0004A971 /* Resources */ = {
			isa = PBXResourcesBuildPhase;
			buildActionMask = 2147483647;
			files = (
			);
			runOnlyForDeploymentPostprocessing = 0;
		};
		5A9BD7ED2F8777AA0004A971 /* Resources */ = {
			isa = PBXResourcesBuildPhase;
			buildActionMask = 2147483647;
			files = (
			);
			runOnlyForDeploymentPostprocessing = 0;
		};
/* End PBXResourcesBuildPhase section */

/* Begin PBXSourcesBuildPhase section */
		5A9BD7D42F8777A80004A971 /* Sources */ = {
			isa = PBXSourcesBuildPhase;
			buildActionMask = 2147483647;
			files = (
			);
			runOnlyForDeploymentPostprocessing = 0;
		};
		5A9BD7E12F8777AA0004A971 /* Sources */ = {
			isa = PBXSourcesBuildPhase;
			buildActionMask = 2147483647;
			files = (
			);
			runOnlyForDeploymentPostprocessing = 0;
		};
		5A9BD7EB2F8777AA0004A971 /* Sources */ = {
			isa = PBXSourcesBuildPhase;
			buildActionMask = 2147483647;
			files = (
			);
			runOnlyForDeploymentPostprocessing = 0;
		};
/* End PBXSourcesBuildPhase section */

/* Begin PBXTargetDependency section */
		5A9BD7E72F8777AA0004A971 /* PBXTargetDependency */ = {
			isa = PBXTargetDependency;
			target = 5A9BD7D72F8777A80004A971 /* ClipSave */;
			targetProxy = 5A9BD7E62F8777AA0004A971 /* PBXContainerItemProxy */;
		};
		5A9BD7F12F8777AA0004A971 /* PBXTargetDependency */ = {
			isa = PBXTargetDependency;
			target = 5A9BD7D72F8777A80004A971 /* ClipSave */;
			targetProxy = 5A9BD7F02F8777AA0004A971 /* PBXContainerItemProxy */;
		};
/* End PBXTargetDependency section */

/* Begin XCBuildConfiguration section */
		5A9BD7F72F8777AA0004A971 /* Debug */ = {
			isa = XCBuildConfiguration;
			buildSettings = {
				ALWAYS_SEARCH_USER_PATHS = NO;
				ASSETCATALOG_COMPILER_GENERATE_SWIFT_ASSET_SYMBOL_EXTENSIONS = YES;
				CLANG_ANALYZER_NONNULL = YES;
				CLANG_ANALYZER_NUMBER_OBJECT_CONVERSION = YES_AGGRESSIVE;
				CLANG_CXX_LANGUAGE_STANDARD = "gnu++20";
				CLANG_ENABLE_MODULES = YES;
				CLANG_ENABLE_OBJC_ARC = YES;
				CLANG_ENABLE_OBJC_WEAK = YES;
				CLANG_WARN_BLOCK_CAPTURE_AUTORELEASING = YES;
				CLANG_WARN_BOOL_CONVERSION = YES;
				CLANG_WARN_COMMA = YES;
				CLANG_WARN_CONSTANT_CONVERSION = YES;
				CLANG_WARN_DEPRECATED_OBJC_IMPLEMENTATIONS = YES;
				CLANG_WARN_DIRECT_OBJC_ISA_USAGE = YES_ERROR;
				CLANG_WARN_DOCUMENTATION_COMMENTS = YES;
				CLANG_WARN_EMPTY_BODY = YES;
				CLANG_WARN_ENUM_CONVERSION = YES;
				CLANG_WARN_INFINITE_RECURSION = YES;
				CLANG_WARN_INT_CONVERSION = YES;
				CLANG_WARN_NON_LITERAL_NULL_CONVERSION = YES;
				CLANG_WARN_OBJC_IMPLICIT_RETAIN_SELF = YES;
				CLANG_WARN_OBJC_LITERAL_CONVERSION = YES;
				CLANG_WARN_OBJC_ROOT_CLASS = YES_ERROR;
				CLANG_WARN_QUOTED_INCLUDE_IN_FRAMEWORK_HEADER = YES;
				CLANG_WARN_RANGE_LOOP_ANALYSIS = YES;
				CLANG_WARN_STRICT_PROTOTYPES = YES;
				CLANG_WARN_SUSPICIOUS_MOVE = YES;
				CLANG_WARN_UNGUARDED_AVAILABILITY = YES_AGGRESSIVE;
				CLANG_WARN_UNREACHABLE_CODE = YES;
				CLANG_WARN__DUPLICATE_METHOD_MATCH = YES;
				COPY_PHASE_STRIP = NO;
				DEAD_CODE_STRIPPING = YES;
				DEBUG_INFORMATION_FORMAT = dwarf;
				ENABLE_STRICT_OBJC_MSGSEND = YES;
				ENABLE_TESTABILITY = YES;
				ENABLE_USER_SCRIPT_SANDBOXING = YES;
				GCC_C_LANGUAGE_STANDARD = gnu17;
				GCC_DYNAMIC_NO_PIC = NO;
				GCC_NO_COMMON_BLOCKS = YES;
				GCC_OPTIMIZATION_LEVEL = 0;
				GCC_PREPROCESSOR_DEFINITIONS = (
					"DEBUG=1",
					"$(inherited)",
				);
				GCC_WARN_64_TO_32_BIT_CONVERSION = YES;
				GCC_WARN_ABOUT_RETURN_TYPE = YES_ERROR;
				GCC_WARN_UNDECLARED_SELECTOR = YES;
				GCC_WARN_UNINITIALIZED_AUTOS = YES_AGGRESSIVE;
				GCC_WARN_UNUSED_FUNCTION = YES;
				GCC_WARN_UNUSED_VARIABLE = YES;
				LOCALIZATION_PREFERS_STRING_CATALOGS = YES;
				MACOSX_DEPLOYMENT_TARGET = 26.4;
				MTL_ENABLE_DEBUG_INFO = INCLUDE_SOURCE;
				MTL_FAST_MATH = YES;
				ONLY_ACTIVE_ARCH = YES;
				SDKROOT = macosx;
				STRING_CATALOG_GENERATE_SYMBOLS = YES;
				SWIFT_ACTIVE_COMPILATION_CONDITIONS = "DEBUG $(inherited)";
				SWIFT_OPTIMIZATION_LEVEL = "-Onone";
			};
			name = Debug;
		};
		5A9BD7F82F8777AA0004A971 /* Release */ = {
			isa = XCBuildConfiguration;
			buildSettings = {
				ALWAYS_SEARCH_USER_PATHS = NO;
				ASSETCATALOG_COMPILER_GENERATE_SWIFT_ASSET_SYMBOL_EXTENSIONS = YES;
				CLANG_ANALYZER_NONNULL = YES;
				CLANG_ANALYZER_NUMBER_OBJECT_CONVERSION = YES_AGGRESSIVE;
				CLANG_CXX_LANGUAGE_STANDARD = "gnu++20";
				CLANG_ENABLE_MODULES = YES;
				CLANG_ENABLE_OBJC_ARC = YES;
				CLANG_ENABLE_OBJC_WEAK = YES;
				CLANG_WARN_BLOCK_CAPTURE_AUTORELEASING = YES;
				CLANG_WARN_BOOL_CONVERSION = YES;
				CLANG_WARN_COMMA = YES;
				CLANG_WARN_CONSTANT_CONVERSION = YES;
				CLANG_WARN_DEPRECATED_OBJC_IMPLEMENTATIONS = YES;
				CLANG_WARN_DIRECT_OBJC_ISA_USAGE = YES_ERROR;
				CLANG_WARN_DOCUMENTATION_COMMENTS = YES;
				CLANG_WARN_EMPTY_BODY = YES;
				CLANG_WARN_ENUM_CONVERSION = YES;
				CLANG_WARN_INFINITE_RECURSION = YES;
				CLANG_WARN_INT_CONVERSION = YES;
				CLANG_WARN_NON_LITERAL_NULL_CONVERSION = YES;
				CLANG_WARN_OBJC_IMPLICIT_RETAIN_SELF = YES;
				CLANG_WARN_OBJC_LITERAL_CONVERSION = YES;
				CLANG_WARN_OBJC_ROOT_CLASS = YES_ERROR;
				CLANG_WARN_QUOTED_INCLUDE_IN_FRAMEWORK_HEADER = YES;
				CLANG_WARN_RANGE_LOOP_ANALYSIS = YES;
				CLANG_WARN_STRICT_PROTOTYPES = YES;
				CLANG_WARN_SUSPICIOUS_MOVE = YES;
				CLANG_WARN_UNGUARDED_AVAILABILITY = YES_AGGRESSIVE;
				CLANG_WARN_UNREACHABLE_CODE = YES;
				CLANG_WARN__DUPLICATE_METHOD_MATCH = YES;
				COPY_PHASE_STRIP = NO;
				DEAD_CODE_STRIPPING = YES;
				DEBUG_INFORMATION_FORMAT = "dwarf-with-dsym";
				ENABLE_NS_ASSERTIONS = NO;
				ENABLE_STRICT_OBJC_MSGSEND = YES;
				ENABLE_USER_SCRIPT_SANDBOXING = YES;
				GCC_C_LANGUAGE_STANDARD = gnu17;
				GCC_NO_COMMON_BLOCKS = YES;
				GCC_WARN_64_TO_32_BIT_CONVERSION = YES;
				GCC_WARN_ABOUT_RETURN_TYPE = YES_ERROR;
				GCC_WARN_UNDECLARED_SELECTOR = YES;
				GCC_WARN_UNINITIALIZED_AUTOS = YES_AGGRESSIVE;
				GCC_WARN_UNUSED_FUNCTION = YES;
				GCC_WARN_UNUSED_VARIABLE = YES;
				LOCALIZATION_PREFERS_STRING_CATALOGS = YES;
				MACOSX_DEPLOYMENT_TARGET = 26.4;
				MTL_ENABLE_DEBUG_INFO = NO;
				MTL_FAST_MATH = YES;
				SDKROOT = macosx;
				STRING_CATALOG_GENERATE_SYMBOLS = YES;
				SWIFT_COMPILATION_MODE = wholemodule;
			};
			name = Release;
		};
		5A9BD7FA2F8777AA0004A971 /* Debug */ = {
			isa = XCBuildConfiguration;
			buildSettings = {
				ASSETCATALOG_COMPILER_APPICON_NAME = AppIcon;
				ASSETCATALOG_COMPILER_GLOBAL_ACCENT_COLOR_NAME = AccentColor;
				AUTOMATION_APPLE_EVENTS = NO;
				CODE_SIGN_STYLE = Automatic;
				COMBINE_HIDPI_IMAGES = YES;
				CURRENT_PROJECT_VERSION = 3.3;
				DEAD_CODE_STRIPPING = YES;
				DEVELOPMENT_TEAM = 6U39FF46MG;
				ENABLE_APP_SANDBOX = NO;
				ENABLE_HARDENED_RUNTIME = YES;
				ENABLE_PREVIEWS = YES;
				ENABLE_RESOURCE_ACCESS_AUDIO_INPUT = NO;
				ENABLE_RESOURCE_ACCESS_CALENDARS = NO;
				ENABLE_RESOURCE_ACCESS_CAMERA = NO;
				ENABLE_RESOURCE_ACCESS_CONTACTS = NO;
				ENABLE_RESOURCE_ACCESS_LOCATION = NO;
				ENABLE_RESOURCE_ACCESS_PHOTO_LIBRARY = NO;
				GENERATE_INFOPLIST_FILE = YES;
				INFOPLIST_FILE = ClipSave/Info.plist;
				INFOPLIST_KEY_CFBundleDisplayName = ClipSave;
				INFOPLIST_KEY_LSApplicationCategoryType = "public.app-category.productivity";
				INFOPLIST_KEY_NSHumanReadableCopyright = "";
				LD_RUNPATH_SEARCH_PATHS = (
					"$(inherited)",
					"@executable_path/../Frameworks",
				);
				MARKETING_VERSION = 3.3;
				PRODUCT_BUNDLE_IDENTIFIER = som.ClipSave;
				PRODUCT_NAME = "$(TARGET_NAME)";
				REGISTER_APP_GROUPS = YES;
				RUNTIME_EXCEPTION_ALLOW_DYLD_ENVIRONMENT_VARIABLES = NO;
				RUNTIME_EXCEPTION_ALLOW_JIT = NO;
				RUNTIME_EXCEPTION_ALLOW_UNSIGNED_EXECUTABLE_MEMORY = NO;
				RUNTIME_EXCEPTION_DEBUGGING_TOOL = NO;
				RUNTIME_EXCEPTION_DISABLE_EXECUTABLE_PAGE_PROTECTION = NO;
				RUNTIME_EXCEPTION_DISABLE_LIBRARY_VALIDATION = NO;
				STRING_CATALOG_GENERATE_SYMBOLS = YES;
				SWIFT_APPROACHABLE_CONCURRENCY = YES;
				SWIFT_DEFAULT_ACTOR_ISOLATION = MainActor;
				SWIFT_EMIT_LOC_STRINGS = YES;
				SWIFT_UPCOMING_FEATURE_MEMBER_IMPORT_VISIBILITY = YES;
				SWIFT_VERSION = 5.0;
			};
			name = Debug;
		};
		5A9BD7FB2F8777AA0004A971 /* Release */ = {
			isa = XCBuildConfiguration;
			buildSettings = {
				ASSETCATALOG_COMPILER_APPICON_NAME = AppIcon;
				ASSETCATALOG_COMPILER_GLOBAL_ACCENT_COLOR_NAME = AccentColor;
				AUTOMATION_APPLE_EVENTS = NO;
				"CODE_SIGN_IDENTITY[sdk=macosx*]" = "Apple Development";
				CODE_SIGN_STYLE = Automatic;
				COMBINE_HIDPI_IMAGES = YES;
				CURRENT_PROJECT_VERSION = 3.3;
				DEAD_CODE_STRIPPING = YES;
				DEVELOPMENT_TEAM = 6U39FF46MG;
				ENABLE_APP_SANDBOX = YES;
				ENABLE_HARDENED_RUNTIME = YES;
				ENABLE_PREVIEWS = YES;
				ENABLE_RESOURCE_ACCESS_AUDIO_INPUT = NO;
				ENABLE_RESOURCE_ACCESS_CALENDARS = NO;
				ENABLE_RESOURCE_ACCESS_CAMERA = NO;
				ENABLE_RESOURCE_ACCESS_CONTACTS = NO;
				ENABLE_RESOURCE_ACCESS_LOCATION = NO;
				ENABLE_RESOURCE_ACCESS_PHOTO_LIBRARY = NO;
				ENABLE_USER_SELECTED_FILES = readonly;
				GENERATE_INFOPLIST_FILE = YES;
				INFOPLIST_FILE = ClipSave/Info.plist;
				INFOPLIST_KEY_CFBundleDisplayName = ClipSave;
				INFOPLIST_KEY_LSApplicationCategoryType = "public.app-category.productivity";
				INFOPLIST_KEY_NSHumanReadableCopyright = "";
				LD_RUNPATH_SEARCH_PATHS = (
					"$(inherited)",
					"@executable_path/../Frameworks",
				);
				MARKETING_VERSION = 3.3;
				PRODUCT_BUNDLE_IDENTIFIER = som.ClipSave;
				PRODUCT_NAME = "$(TARGET_NAME)";
				REGISTER_APP_GROUPS = YES;
				RUNTIME_EXCEPTION_ALLOW_DYLD_ENVIRONMENT_VARIABLES = NO;
				RUNTIME_EXCEPTION_ALLOW_JIT = NO;
				RUNTIME_EXCEPTION_ALLOW_UNSIGNED_EXECUTABLE_MEMORY = NO;
				RUNTIME_EXCEPTION_DEBUGGING_TOOL = NO;
				RUNTIME_EXCEPTION_DISABLE_EXECUTABLE_PAGE_PROTECTION = NO;
				RUNTIME_EXCEPTION_DISABLE_LIBRARY_VALIDATION = NO;
				STRING_CATALOG_GENERATE_SYMBOLS = YES;
				SWIFT_APPROACHABLE_CONCURRENCY = YES;
				SWIFT_DEFAULT_ACTOR_ISOLATION = MainActor;
				SWIFT_EMIT_LOC_STRINGS = YES;
				SWIFT_UPCOMING_FEATURE_MEMBER_IMPORT_VISIBILITY = YES;
				SWIFT_VERSION = 5.0;
			};
			name = Release;
		};
		5A9BD7FD2F8777AA0004A971 /* Debug */ = {
			isa = XCBuildConfiguration;
			buildSettings = {
				BUNDLE_LOADER = "$(TEST_HOST)";
				CODE_SIGN_STYLE = Automatic;
				CURRENT_PROJECT_VERSION = 1;
				DEAD_CODE_STRIPPING = YES;
				GENERATE_INFOPLIST_FILE = YES;
				MACOSX_DEPLOYMENT_TARGET = 26.4;
				MARKETING_VERSION = 1.0;
				PRODUCT_BUNDLE_IDENTIFIER = som.ClipSaveTests;
				PRODUCT_NAME = "$(TARGET_NAME)";
				STRING_CATALOG_GENERATE_SYMBOLS = NO;
				SWIFT_APPROACHABLE_CONCURRENCY = YES;
				SWIFT_EMIT_LOC_STRINGS = NO;
				SWIFT_UPCOMING_FEATURE_MEMBER_IMPORT_VISIBILITY = YES;
				SWIFT_VERSION = 5.0;
				TEST_HOST = "$(BUILT_PRODUCTS_DIR)/ClipSave.app/$(BUNDLE_EXECUTABLE_FOLDER_PATH)/ClipSave";
			};
			name = Debug;
		};
		5A9BD7FE2F8777AA0004A971 /* Release */ = {
			isa = XCBuildConfiguration;
			buildSettings = {
				BUNDLE_LOADER = "$(TEST_HOST)";
				CODE_SIGN_STYLE = Automatic;
				CURRENT_PROJECT_VERSION = 1;
				DEAD_CODE_STRIPPING = YES;
				GENERATE_INFOPLIST_FILE = YES;
				MACOSX_DEPLOYMENT_TARGET = 26.4;
				MARKETING_VERSION = 1.0;
				PRODUCT_BUNDLE_IDENTIFIER = som.ClipSaveTests;
				PRODUCT_NAME = "$(TARGET_NAME)";
				STRING_CATALOG_GENERATE_SYMBOLS = NO;
				SWIFT_APPROACHABLE_CONCURRENCY = YES;
				SWIFT_EMIT_LOC_STRINGS = NO;
				SWIFT_UPCOMING_FEATURE_MEMBER_IMPORT_VISIBILITY = YES;
				SWIFT_VERSION = 5.0;
				TEST_HOST = "$(BUILT_PRODUCTS_DIR)/ClipSave.app/$(BUNDLE_EXECUTABLE_FOLDER_PATH)/ClipSave";
			};
			name = Release;
		};
		5A9BD8002F8777AA0004A971 /* Debug */ = {
			isa = XCBuildConfiguration;
			buildSettings = {
				CODE_SIGN_STYLE = Automatic;
				CURRENT_PROJECT_VERSION = 1;
				DEAD_CODE_STRIPPING = YES;
				GENERATE_INFOPLIST_FILE = YES;
				MARKETING_VERSION = 1.0;
				PRODUCT_BUNDLE_IDENTIFIER = som.ClipSaveUITests;
				PRODUCT_NAME = "$(TARGET_NAME)";
				STRING_CATALOG_GENERATE_SYMBOLS = NO;
				SWIFT_APPROACHABLE_CONCURRENCY = YES;
				SWIFT_EMIT_LOC_STRINGS = NO;
				SWIFT_UPCOMING_FEATURE_MEMBER_IMPORT_VISIBILITY = YES;
				SWIFT_VERSION = 5.0;
				TEST_TARGET_NAME = ClipSave;
			};
			name = Debug;
		};
		5A9BD8012F8777AA0004A971 /* Release */ = {
			isa = XCBuildConfiguration;
			buildSettings = {
				CODE_SIGN_STYLE = Automatic;
				CURRENT_PROJECT_VERSION = 1;
				DEAD_CODE_STRIPPING = YES;
				GENERATE_INFOPLIST_FILE = YES;
				MARKETING_VERSION = 1.0;
				PRODUCT_BUNDLE_IDENTIFIER = som.ClipSaveUITests;
				PRODUCT_NAME = "$(TARGET_NAME)";
				STRING_CATALOG_GENERATE_SYMBOLS = NO;
				SWIFT_APPROACHABLE_CONCURRENCY = YES;
				SWIFT_EMIT_LOC_STRINGS = NO;
				SWIFT_UPCOMING_FEATURE_MEMBER_IMPORT_VISIBILITY = YES;
				SWIFT_VERSION = 5.0;
				TEST_TARGET_NAME = ClipSave;
			};
			name = Release;
		};
/* End XCBuildConfiguration section */

/* Begin XCConfigurationList section */
		5A9BD7D32F8777A80004A971 /* Build configuration list for PBXProject "ClipSave" */ = {
			isa = XCConfigurationList;
			buildConfigurations = (
				5A9BD7F72F8777AA0004A971 /* Debug */,
				5A9BD7F82F8777AA0004A971 /* Release */,
			);
			defaultConfigurationIsVisible = 0;
			defaultConfigurationName = Release;
		};
		5A9BD7F92F8777AA0004A971 /* Build configuration list for PBXNativeTarget "ClipSave" */ = {
			isa = XCConfigurationList;
			buildConfigurations = (
				5A9BD7FA2F8777AA0004A971 /* Debug */,
				5A9BD7FB2F8777AA0004A971 /* Release */,
			);
			defaultConfigurationIsVisible = 0;
			defaultConfigurationName = Release;
		};
		5A9BD7FC2F8777AA0004A971 /* Build configuration list for PBXNativeTarget "ClipSaveTests" */ = {
			isa = XCConfigurationList;
			buildConfigurations = (
				5A9BD7FD2F8777AA0004A971 /* Debug */,
				5A9BD7FE2F8777AA0004A971 /* Release */,
			);
			defaultConfigurationIsVisible = 0;
			defaultConfigurationName = Release;
		};
		5A9BD7FF2F8777AA0004A971 /* Build configuration list for PBXNativeTarget "ClipSaveUITests" */ = {
			isa = XCConfigurationList;
			buildConfigurations = (
				5A9BD8002F8777AA0004A971 /* Debug */,
				5A9BD8012F8777AA0004A971 /* Release */,
			);
			defaultConfigurationIsVisible = 0;
			defaultConfigurationName = Release;
		};
/* End XCConfigurationList section */

/* Begin XCRemoteSwiftPackageReference section */
		5A3E92542FDDEA9600C4FC65 /* XCRemoteSwiftPackageReference "Sparkle" */ = {
			isa = XCRemoteSwiftPackageReference;
			repositoryURL = "https://github.com/sparkle-project/Sparkle";
			requirement = {
				kind = upToNextMajorVersion;
				minimumVersion = 2.0.0;
			};
		};
/* End XCRemoteSwiftPackageReference section */

/* Begin XCSwiftPackageProductDependency section */
		5A3E92582FDE0BAB00C4FC65 /* Sparkle */ = {
			isa = XCSwiftPackageProductDependency;
			package = 5A3E92542FDDEA9600C4FC65 /* XCRemoteSwiftPackageReference "Sparkle" */;
			productName = Sparkle;
		};
/* End XCSwiftPackageProductDependency section */
	};
	rootObject = 5A9BD7D02F8777A80004A971 /* Project object */;
}
